
Microsoft Visual Studio Solution File, Format Version 12.00
# Visual Studio Version 16
VisualStudioVersion = 16.0.29920.165
MinimumVisualStudioVersion = 10.0.40219.1
Project("{FAE04EC0-301F-11D3-BF4B-00C04F79EFBC}") = "Grand-Prix", "Grand-Prix\Grand-Prix.csproj", "{9585BD11-7D69-439B-95BA-39A8D02FE900}"
EndProject
Global
	GlobalSection(SolutionConfigurationPlatforms) = preSolution
		Debug|Any CPU = Debug|Any CPU
		Release|Any CPU = Release|Any CPU
	EndGlobalSection
	GlobalSection(ProjectConfigurationPlatforms) = postSolution
		{9585BD11-7D69-439B-95BA-39A8D02FE900}.Debug|Any CPU.ActiveCfg = Debug|Any CPU
		{9585BD11-7D69-439B-95BA-39A8D02FE900}.Debug|Any CPU.Build.0 = Debug|Any CPU
		{9585BD11-7D69-439B-95BA-39A8D02FE900}.Release|Any CPU.ActiveCfg = Release|Any CPU
		{9585BD11-7D69-439B-95BA-39A8D02FE900}.Release|Any CPU.Build.0 = Release|Any CPU
	EndGlobalSection
	GlobalSection(SolutionProperties) = preSolution
		HideSolutionNode = FALSE
	EndGlobalSection
	GlobalSection(ExtensibilityGlobals) = postSolution
		SolutionGuid = {D8775180-F428-4AAF-970D-3D68713B4A77}
	EndGlobalSection
EndGlobal
