
Microsoft Visual Studio Solution File, Format Version 12.00
# Visual Studio Version 16
VisualStudioVersion = 16.0.29920.165
MinimumVisualStudioVersion = 10.0.40219.1
Project("{FAE04EC0-301F-11D3-BF4B-00C04F79EFBC}") = "Tests", "Tests\Tests.csproj", "{273066DF-3A4A-40B4-B0A2-8F8ED977BFFC}"
EndProject
Global
	GlobalSection(SolutionConfigurationPlatforms) = preSolution
		Debug|Any CPU = Debug|Any CPU
		Release|Any CPU = Release|Any CPU
	EndGlobalSection
	GlobalSection(ProjectConfigurationPlatforms) = postSolution
		{273066DF-3A4A-40B4-B0A2-8F8ED977BFFC}.Debug|Any CPU.ActiveCfg = Debug|Any CPU
		{273066DF-3A4A-40B4-B0A2-8F8ED977BFFC}.Debug|Any CPU.Build.0 = Debug|Any CPU
		{273066DF-3A4A-40B4-B0A2-8F8ED977BFFC}.Release|Any CPU.ActiveCfg = Release|Any CPU
		{273066DF-3A4A-40B4-B0A2-8F8ED977BFFC}.Release|Any CPU.Build.0 = Release|Any CPU
	EndGlobalSection
	GlobalSection(SolutionProperties) = preSolution
		HideSolutionNode = FALSE
	EndGlobalSection
	GlobalSection(ExtensibilityGlobals) = postSolution
		SolutionGuid = {C76D12DF-6E58-4D90-9D54-49B80F10B074}
	EndGlobalSection
EndGlobal
