
Microsoft Visual Studio Solution File, Format Version 12.00
# Visual Studio Version 16
VisualStudioVersion = 16.0.29920.165
MinimumVisualStudioVersion = 10.0.40219.1
Project("{FAE04EC0-301F-11D3-BF4B-00C04F79EFBC}") = "Traffic_Lights", "Traffic_Lights\Traffic_Lights.csproj", "{A3D710E4-6217-44EC-AB24-0904AFD36D2D}"
EndProject
Global
	GlobalSection(SolutionConfigurationPlatforms) = preSolution
		Debug|Any CPU = Debug|Any CPU
		Release|Any CPU = Release|Any CPU
	EndGlobalSection
	GlobalSection(ProjectConfigurationPlatforms) = postSolution
		{A3D710E4-6217-44EC-AB24-0904AFD36D2D}.Debug|Any CPU.ActiveCfg = Debug|Any CPU
		{A3D710E4-6217-44EC-AB24-0904AFD36D2D}.Debug|Any CPU.Build.0 = Debug|Any CPU
		{A3D710E4-6217-44EC-AB24-0904AFD36D2D}.Release|Any CPU.ActiveCfg = Release|Any CPU
		{A3D710E4-6217-44EC-AB24-0904AFD36D2D}.Release|Any CPU.Build.0 = Release|Any CPU
	EndGlobalSection
	GlobalSection(SolutionProperties) = preSolution
		HideSolutionNode = FALSE
	EndGlobalSection
	GlobalSection(ExtensibilityGlobals) = postSolution
		SolutionGuid = {42636816-777D-42D7-A33E-5C9D085E16FF}
	EndGlobalSection
EndGlobal
