
Microsoft Visual Studio Solution File, Format Version 12.00
# Visual Studio Version 16
VisualStudioVersion = 16.0.29920.165
MinimumVisualStudioVersion = 10.0.40219.1
Project("{FAE04EC0-301F-11D3-BF4B-00C04F79EFBC}") = "SundayLecture", "SundayLecture\SundayLecture.csproj", "{A71716F7-4A61-4827-BFD7-86A8AE5B9001}"
EndProject
Project("{FAE04EC0-301F-11D3-BF4B-00C04F79EFBC}") = "ConsoleApp1", "ConsoleApp1\ConsoleApp1.csproj", "{01C5DCD9-445C-4F85-BCD5-190B10EEF607}"
EndProject
Project("{FAE04EC0-301F-11D3-BF4B-00C04F79EFBC}") = "Paralelepiped", "Paralelepiped\Paralelepiped.csproj", "{2E5C8D1C-D664-4F61-BD10-BBDBD99F5C6C}"
EndProject
Global
	GlobalSection(SolutionConfigurationPlatforms) = preSolution
		Debug|Any CPU = Debug|Any CPU
		Release|Any CPU = Release|Any CPU
	EndGlobalSection
	GlobalSection(ProjectConfigurationPlatforms) = postSolution
		{A71716F7-4A61-4827-BFD7-86A8AE5B9001}.Debug|Any CPU.ActiveCfg = Debug|Any CPU
		{A71716F7-4A61-4827-BFD7-86A8AE5B9001}.Debug|Any CPU.Build.0 = Debug|Any CPU
		{A71716F7-4A61-4827-BFD7-86A8AE5B9001}.Release|Any CPU.ActiveCfg = Release|Any CPU
		{A71716F7-4A61-4827-BFD7-86A8AE5B9001}.Release|Any CPU.Build.0 = Release|Any CPU
		{01C5DCD9-445C-4F85-BCD5-190B10EEF607}.Debug|Any CPU.ActiveCfg = Debug|Any CPU
		{01C5DCD9-445C-4F85-BCD5-190B10EEF607}.Debug|Any CPU.Build.0 = Debug|Any CPU
		{01C5DCD9-445C-4F85-BCD5-190B10EEF607}.Release|Any CPU.ActiveCfg = Release|Any CPU
		{01C5DCD9-445C-4F85-BCD5-190B10EEF607}.Release|Any CPU.Build.0 = Release|Any CPU
		{2E5C8D1C-D664-4F61-BD10-BBDBD99F5C6C}.Debug|Any CPU.ActiveCfg = Debug|Any CPU
		{2E5C8D1C-D664-4F61-BD10-BBDBD99F5C6C}.Debug|Any CPU.Build.0 = Debug|Any CPU
		{2E5C8D1C-D664-4F61-BD10-BBDBD99F5C6C}.Release|Any CPU.ActiveCfg = Release|Any CPU
		{2E5C8D1C-D664-4F61-BD10-BBDBD99F5C6C}.Release|Any CPU.Build.0 = Release|Any CPU
	EndGlobalSection
	GlobalSection(SolutionProperties) = preSolution
		HideSolutionNode = FALSE
	EndGlobalSection
	GlobalSection(ExtensibilityGlobals) = postSolution
		SolutionGuid = {5E34FD41-FDC8-4729-9030-CE933253DABA}
	EndGlobalSection
EndGlobal
