
Microsoft Visual Studio Solution File, Format Version 12.00
# Visual Studio Version 16
VisualStudioVersion = 16.0.29920.165
MinimumVisualStudioVersion = 10.0.40219.1
Project("{FAE04EC0-301F-11D3-BF4B-00C04F79EFBC}") = "TransferDirectory", "TransferDirectory\TransferDirectory.csproj", "{D360FBC7-5926-4B7C-90F4-8D7C1B294F44}"
EndProject
Global
	GlobalSection(SolutionConfigurationPlatforms) = preSolution
		Debug|Any CPU = Debug|Any CPU
		Release|Any CPU = Release|Any CPU
	EndGlobalSection
	GlobalSection(ProjectConfigurationPlatforms) = postSolution
		{D360FBC7-5926-4B7C-90F4-8D7C1B294F44}.Debug|Any CPU.ActiveCfg = Debug|Any CPU
		{D360FBC7-5926-4B7C-90F4-8D7C1B294F44}.Debug|Any CPU.Build.0 = Debug|Any CPU
		{D360FBC7-5926-4B7C-90F4-8D7C1B294F44}.Release|Any CPU.ActiveCfg = Release|Any CPU
		{D360FBC7-5926-4B7C-90F4-8D7C1B294F44}.Release|Any CPU.Build.0 = Release|Any CPU
	EndGlobalSection
	GlobalSection(SolutionProperties) = preSolution
		HideSolutionNode = FALSE
	EndGlobalSection
	GlobalSection(ExtensibilityGlobals) = postSolution
		SolutionGuid = {97DC92DF-608D-4503-A742-921DC2452C2F}
	EndGlobalSection
EndGlobal
