
Microsoft Visual Studio Solution File, Format Version 12.00
# Visual Studio Version 16
VisualStudioVersion = 16.0.29920.165
MinimumVisualStudioVersion = 10.0.40219.1
Project("{9A19103F-16F7-4668-BE54-9A1E7A4F7556}") = "Practise", "Practise\Practise.csproj", "{DDA2E37F-DB30-4042-9CDD-4A4ECABAB760}"
EndProject
Project("{FAE04EC0-301F-11D3-BF4B-00C04F79EFBC}") = "ConsoleApp1", "ConsoleApp1\ConsoleApp1.csproj", "{97BE2213-421C-4659-B10B-2D30728A1B07}"
EndProject
Global
	GlobalSection(SolutionConfigurationPlatforms) = preSolution
		Debug|Any CPU = Debug|Any CPU
		Release|Any CPU = Release|Any CPU
	EndGlobalSection
	GlobalSection(ProjectConfigurationPlatforms) = postSolution
		{DDA2E37F-DB30-4042-9CDD-4A4ECABAB760}.Debug|Any CPU.ActiveCfg = Debug|Any CPU
		{DDA2E37F-DB30-4042-9CDD-4A4ECABAB760}.Debug|Any CPU.Build.0 = Debug|Any CPU
		{DDA2E37F-DB30-4042-9CDD-4A4ECABAB760}.Release|Any CPU.ActiveCfg = Release|Any CPU
		{DDA2E37F-DB30-4042-9CDD-4A4ECABAB760}.Release|Any CPU.Build.0 = Release|Any CPU
		{97BE2213-421C-4659-B10B-2D30728A1B07}.Debug|Any CPU.ActiveCfg = Debug|Any CPU
		{97BE2213-421C-4659-B10B-2D30728A1B07}.Debug|Any CPU.Build.0 = Debug|Any CPU
		{97BE2213-421C-4659-B10B-2D30728A1B07}.Release|Any CPU.ActiveCfg = Release|Any CPU
		{97BE2213-421C-4659-B10B-2D30728A1B07}.Release|Any CPU.Build.0 = Release|Any CPU
	EndGlobalSection
	GlobalSection(SolutionProperties) = preSolution
		HideSolutionNode = FALSE
	EndGlobalSection
	GlobalSection(ExtensibilityGlobals) = postSolution
		SolutionGuid = {C883CDB2-081B-40A7-AA84-84CF295B1261}
	EndGlobalSection
EndGlobal
