
Microsoft Visual Studio Solution File, Format Version 12.00
# Visual Studio Version 16
VisualStudioVersion = 16.0.29920.165
MinimumVisualStudioVersion = 10.0.40219.1
Project("{FAE04EC0-301F-11D3-BF4B-00C04F79EFBC}") = "Restaurant", "Restaurant\Restaurant.csproj", "{CCB25F23-E450-47D4-96B2-BDFD99F3DD0D}"
EndProject
Global
	GlobalSection(SolutionConfigurationPlatforms) = preSolution
		Debug|Any CPU = Debug|Any CPU
		Release|Any CPU = Release|Any CPU
	EndGlobalSection
	GlobalSection(ProjectConfigurationPlatforms) = postSolution
		{CCB25F23-E450-47D4-96B2-BDFD99F3DD0D}.Debug|Any CPU.ActiveCfg = Debug|Any CPU
		{CCB25F23-E450-47D4-96B2-BDFD99F3DD0D}.Debug|Any CPU.Build.0 = Debug|Any CPU
		{CCB25F23-E450-47D4-96B2-BDFD99F3DD0D}.Release|Any CPU.ActiveCfg = Release|Any CPU
		{CCB25F23-E450-47D4-96B2-BDFD99F3DD0D}.Release|Any CPU.Build.0 = Release|Any CPU
	EndGlobalSection
	GlobalSection(SolutionProperties) = preSolution
		HideSolutionNode = FALSE
	EndGlobalSection
	GlobalSection(ExtensibilityGlobals) = postSolution
		SolutionGuid = {57307CC8-1A15-4594-A45B-DC07525F482A}
	EndGlobalSection
EndGlobal
