
Microsoft Visual Studio Solution File, Format Version 12.00
# Visual Studio Version 16
VisualStudioVersion = 16.0.29920.165
MinimumVisualStudioVersion = 10.0.40219.1
Project("{FAE04EC0-301F-11D3-BF4B-00C04F79EFBC}") = "UnitTesting", "UnitTesting\UnitTesting.csproj", "{9FF9A332-A500-4854-BFD5-E7BDBBD1A251}"
EndProject
Project("{FAE04EC0-301F-11D3-BF4B-00C04F79EFBC}") = "XUnitTesting", "XUnitTesting\XUnitTesting.csproj", "{14B2377D-120B-4FE1-893D-B928C1873B72}"
EndProject
Project("{FAE04EC0-301F-11D3-BF4B-00C04F79EFBC}") = "NUnitTesting", "NUnitTesting\NUnitTesting.csproj", "{6F0EC872-4B19-4012-80BC-4D191709A9D9}"
EndProject
Global
	GlobalSection(SolutionConfigurationPlatforms) = preSolution
		Debug|Any CPU = Debug|Any CPU
		Release|Any CPU = Release|Any CPU
	EndGlobalSection
	GlobalSection(ProjectConfigurationPlatforms) = postSolution
		{9FF9A332-A500-4854-BFD5-E7BDBBD1A251}.Debug|Any CPU.ActiveCfg = Debug|Any CPU
		{9FF9A332-A500-4854-BFD5-E7BDBBD1A251}.Debug|Any CPU.Build.0 = Debug|Any CPU
		{9FF9A332-A500-4854-BFD5-E7BDBBD1A251}.Release|Any CPU.ActiveCfg = Release|Any CPU
		{9FF9A332-A500-4854-BFD5-E7BDBBD1A251}.Release|Any CPU.Build.0 = Release|Any CPU
		{14B2377D-120B-4FE1-893D-B928C1873B72}.Debug|Any CPU.ActiveCfg = Debug|Any CPU
		{14B2377D-120B-4FE1-893D-B928C1873B72}.Debug|Any CPU.Build.0 = Debug|Any CPU
		{14B2377D-120B-4FE1-893D-B928C1873B72}.Release|Any CPU.ActiveCfg = Release|Any CPU
		{14B2377D-120B-4FE1-893D-B928C1873B72}.Release|Any CPU.Build.0 = Release|Any CPU
		{6F0EC872-4B19-4012-80BC-4D191709A9D9}.Debug|Any CPU.ActiveCfg = Debug|Any CPU
		{6F0EC872-4B19-4012-80BC-4D191709A9D9}.Debug|Any CPU.Build.0 = Debug|Any CPU
		{6F0EC872-4B19-4012-80BC-4D191709A9D9}.Release|Any CPU.ActiveCfg = Release|Any CPU
		{6F0EC872-4B19-4012-80BC-4D191709A9D9}.Release|Any CPU.Build.0 = Release|Any CPU
	EndGlobalSection
	GlobalSection(SolutionProperties) = preSolution
		HideSolutionNode = FALSE
	EndGlobalSection
	GlobalSection(ExtensibilityGlobals) = postSolution
		SolutionGuid = {8C5F490B-38E4-4B91-8007-DB4B6A45174B}
	EndGlobalSection
EndGlobal
