
Microsoft Visual Studio Solution File, Format Version 12.00
# Visual Studio Version 16
VisualStudioVersion = 16.0.29920.165
MinimumVisualStudioVersion = 10.0.40219.1
Project("{9A19103F-16F7-4668-BE54-9A1E7A4F7556}") = "Exercises", "Exercises\Exercises.csproj", "{BE3EFA17-FDF7-4BDF-AFB7-5F1241EEF98B}"
EndProject
Project("{9A19103F-16F7-4668-BE54-9A1E7A4F7556}") = "Articles", "Articles\Articles.csproj", "{FD6FF245-A324-48B8-83EA-38EFC636F270}"
EndProject
Project("{FAE04EC0-301F-11D3-BF4B-00C04F79EFBC}") = "Vehicle Catalogue", "Vehicle Catalogue\Vehicle Catalogue.csproj", "{A15E7CC4-DA47-4D00-8264-21F5B3F635CD}"
EndProject
Global
	GlobalSection(SolutionConfigurationPlatforms) = preSolution
		Debug|Any CPU = Debug|Any CPU
		Release|Any CPU = Release|Any CPU
	EndGlobalSection
	GlobalSection(ProjectConfigurationPlatforms) = postSolution
		{BE3EFA17-FDF7-4BDF-AFB7-5F1241EEF98B}.Debug|Any CPU.ActiveCfg = Debug|Any CPU
		{BE3EFA17-FDF7-4BDF-AFB7-5F1241EEF98B}.Debug|Any CPU.Build.0 = Debug|Any CPU
		{BE3EFA17-FDF7-4BDF-AFB7-5F1241EEF98B}.Release|Any CPU.ActiveCfg = Release|Any CPU
		{BE3EFA17-FDF7-4BDF-AFB7-5F1241EEF98B}.Release|Any CPU.Build.0 = Release|Any CPU
		{FD6FF245-A324-48B8-83EA-38EFC636F270}.Debug|Any CPU.ActiveCfg = Debug|Any CPU
		{FD6FF245-A324-48B8-83EA-38EFC636F270}.Debug|Any CPU.Build.0 = Debug|Any CPU
		{FD6FF245-A324-48B8-83EA-38EFC636F270}.Release|Any CPU.ActiveCfg = Release|Any CPU
		{FD6FF245-A324-48B8-83EA-38EFC636F270}.Release|Any CPU.Build.0 = Release|Any CPU
		{A15E7CC4-DA47-4D00-8264-21F5B3F635CD}.Debug|Any CPU.ActiveCfg = Debug|Any CPU
		{A15E7CC4-DA47-4D00-8264-21F5B3F635CD}.Debug|Any CPU.Build.0 = Debug|Any CPU
		{A15E7CC4-DA47-4D00-8264-21F5B3F635CD}.Release|Any CPU.ActiveCfg = Release|Any CPU
		{A15E7CC4-DA47-4D00-8264-21F5B3F635CD}.Release|Any CPU.Build.0 = Release|Any CPU
	EndGlobalSection
	GlobalSection(SolutionProperties) = preSolution
		HideSolutionNode = FALSE
	EndGlobalSection
	GlobalSection(ExtensibilityGlobals) = postSolution
		SolutionGuid = {D4746384-3D58-48FC-B832-3EF0777710BE}
	EndGlobalSection
EndGlobal
