
Microsoft Visual Studio Solution File, Format Version 12.00
# Visual Studio Version 16
VisualStudioVersion = 16.0.29920.165
MinimumVisualStudioVersion = 10.0.40219.1
Project("{FAE04EC0-301F-11D3-BF4B-00C04F79EFBC}") = "Students", "Students\Students.csproj", "{C725D6B5-A121-4448-8807-8C783F43CCA6}"
EndProject
Global
	GlobalSection(SolutionConfigurationPlatforms) = preSolution
		Debug|Any CPU = Debug|Any CPU
		Release|Any CPU = Release|Any CPU
	EndGlobalSection
	GlobalSection(ProjectConfigurationPlatforms) = postSolution
		{C725D6B5-A121-4448-8807-8C783F43CCA6}.Debug|Any CPU.ActiveCfg = Debug|Any CPU
		{C725D6B5-A121-4448-8807-8C783F43CCA6}.Debug|Any CPU.Build.0 = Debug|Any CPU
		{C725D6B5-A121-4448-8807-8C783F43CCA6}.Release|Any CPU.ActiveCfg = Release|Any CPU
		{C725D6B5-A121-4448-8807-8C783F43CCA6}.Release|Any CPU.Build.0 = Release|Any CPU
	EndGlobalSection
	GlobalSection(SolutionProperties) = preSolution
		HideSolutionNode = FALSE
	EndGlobalSection
	GlobalSection(ExtensibilityGlobals) = postSolution
		SolutionGuid = {FA821753-C5FA-4074-9C9C-0157020CF905}
	EndGlobalSection
EndGlobal
