
Microsoft Visual Studio Solution File, Format Version 12.00
# Visual Studio Version 16
VisualStudioVersion = 16.0.29920.165
MinimumVisualStudioVersion = 10.0.40219.1
Project("{FAE04EC0-301F-11D3-BF4B-00C04F79EFBC}") = "WorkingWithAbstr", "WorkingWithAbstr\WorkingWithAbstr.csproj", "{198637D6-5BD9-4E98-A97E-DF86B16547EF}"
EndProject
Global
	GlobalSection(SolutionConfigurationPlatforms) = preSolution
		Debug|Any CPU = Debug|Any CPU
		Release|Any CPU = Release|Any CPU
	EndGlobalSection
	GlobalSection(ProjectConfigurationPlatforms) = postSolution
		{198637D6-5BD9-4E98-A97E-DF86B16547EF}.Debug|Any CPU.ActiveCfg = Debug|Any CPU
		{198637D6-5BD9-4E98-A97E-DF86B16547EF}.Debug|Any CPU.Build.0 = Debug|Any CPU
		{198637D6-5BD9-4E98-A97E-DF86B16547EF}.Release|Any CPU.ActiveCfg = Release|Any CPU
		{198637D6-5BD9-4E98-A97E-DF86B16547EF}.Release|Any CPU.Build.0 = Release|Any CPU
	EndGlobalSection
	GlobalSection(SolutionProperties) = preSolution
		HideSolutionNode = FALSE
	EndGlobalSection
	GlobalSection(ExtensibilityGlobals) = postSolution
		SolutionGuid = {863C696B-78C0-4BAA-8AFB-C597B2F473CA}
	EndGlobalSection
EndGlobal
