
Microsoft Visual Studio Solution File, Format Version 12.00
# Visual Studio Version 16
VisualStudioVersion = 16.0.29920.165
MinimumVisualStudioVersion = 10.0.40219.1
Project("{FAE04EC0-301F-11D3-BF4B-00C04F79EFBC}") = "StaticBullshit", "StaticBullshit\StaticBullshit.csproj", "{BF0E80E6-6EEE-4DD9-8DD7-0C24A5AF5715}"
EndProject
Project("{FAE04EC0-301F-11D3-BF4B-00C04F79EFBC}") = "Shop", "Shop\Shop.csproj", "{DF7BFEAF-4B60-48C6-ACAD-82F100E7344E}"
EndProject
Global
	GlobalSection(SolutionConfigurationPlatforms) = preSolution
		Debug|Any CPU = Debug|Any CPU
		Release|Any CPU = Release|Any CPU
	EndGlobalSection
	GlobalSection(ProjectConfigurationPlatforms) = postSolution
		{BF0E80E6-6EEE-4DD9-8DD7-0C24A5AF5715}.Debug|Any CPU.ActiveCfg = Debug|Any CPU
		{BF0E80E6-6EEE-4DD9-8DD7-0C24A5AF5715}.Debug|Any CPU.Build.0 = Debug|Any CPU
		{BF0E80E6-6EEE-4DD9-8DD7-0C24A5AF5715}.Release|Any CPU.ActiveCfg = Release|Any CPU
		{BF0E80E6-6EEE-4DD9-8DD7-0C24A5AF5715}.Release|Any CPU.Build.0 = Release|Any CPU
		{DF7BFEAF-4B60-48C6-ACAD-82F100E7344E}.Debug|Any CPU.ActiveCfg = Debug|Any CPU
		{DF7BFEAF-4B60-48C6-ACAD-82F100E7344E}.Debug|Any CPU.Build.0 = Debug|Any CPU
		{DF7BFEAF-4B60-48C6-ACAD-82F100E7344E}.Release|Any CPU.ActiveCfg = Release|Any CPU
		{DF7BFEAF-4B60-48C6-ACAD-82F100E7344E}.Release|Any CPU.Build.0 = Release|Any CPU
	EndGlobalSection
	GlobalSection(SolutionProperties) = preSolution
		HideSolutionNode = FALSE
	EndGlobalSection
	GlobalSection(ExtensibilityGlobals) = postSolution
		SolutionGuid = {7289D2B9-947B-4317-9328-21A444893A86}
	EndGlobalSection
EndGlobal
