
Microsoft Visual Studio Solution File, Format Version 12.00
# Visual Studio Version 16
VisualStudioVersion = 16.0.29920.165
MinimumVisualStudioVersion = 10.0.40219.1
Project("{FAE04EC0-301F-11D3-BF4B-00C04F79EFBC}") = "ThreeForms", "ThreeForms\ThreeForms.csproj", "{686E3215-3173-4EA0-BD57-CC68802F3D67}"
EndProject
Global
	GlobalSection(SolutionConfigurationPlatforms) = preSolution
		Debug|Any CPU = Debug|Any CPU
		Release|Any CPU = Release|Any CPU
	EndGlobalSection
	GlobalSection(ProjectConfigurationPlatforms) = postSolution
		{686E3215-3173-4EA0-BD57-CC68802F3D67}.Debug|Any CPU.ActiveCfg = Debug|Any CPU
		{686E3215-3173-4EA0-BD57-CC68802F3D67}.Debug|Any CPU.Build.0 = Debug|Any CPU
		{686E3215-3173-4EA0-BD57-CC68802F3D67}.Release|Any CPU.ActiveCfg = Release|Any CPU
		{686E3215-3173-4EA0-BD57-CC68802F3D67}.Release|Any CPU.Build.0 = Release|Any CPU
	EndGlobalSection
	GlobalSection(SolutionProperties) = preSolution
		HideSolutionNode = FALSE
	EndGlobalSection
	GlobalSection(ExtensibilityGlobals) = postSolution
		SolutionGuid = {B69ACB6E-24E9-4D13-877F-2C671D536738}
	EndGlobalSection
EndGlobal
